// !$*UTF8*$!
{
	archiveVersion = 1;
	classes = {
	};
	objectVersion = 55;
	objects = {

/* Begin PBXBuildFile section */
		582D7E192886F5B700A9CECF /* Sam_s_TwitterApp.swift in Sources */ = {isa = PBXBuildFile; fileRef = 582D7E182886F5B700A9CECF /* Sam_s_TwitterApp.swift */; };
		582D7E1D2886F5B900A9CECF /* Assets.xcassets in Resources */ = {isa = PBXBuildFile; fileRef = 582D7E1C2886F5B900A9CECF /* Assets.xcassets */; };
		582D7E202886F5B900A9CECF /* Preview Assets.xcassets in Resources */ = {isa = PBXBuildFile; fileRef = 582D7E1F2886F5B900A9CECF /* Preview Assets.xcassets */; };
		582D7E312886F6EA00A9CECF /* FeedView.swift in Sources */ = {isa = PBXBuildFile; fileRef = 582D7E302886F6EA00A9CECF /* FeedView.swift */; };
		582D7E352886F7B500A9CECF /* TweetsRowView.swift in Sources */ = {isa = PBXBuildFile; fileRef = 582D7E342886F7B500A9CECF /* TweetsRowView.swift */; };
		582D7E382887026E00A9CECF /* MainTabView.swift in Sources */ = {isa = PBXBuildFile; fileRef = 582D7E372887026E00A9CECF /* MainTabView.swift */; };
		582D7E3E288703A100A9CECF /* ExploreTabView.swift in Sources */ = {isa = PBXBuildFile; fileRef = 582D7E3D288703A100A9CECF /* ExploreTabView.swift */; };
		582D7E40288703B600A9CECF /* NotificationTabView.swift in Sources */ = {isa = PBXBuildFile; fileRef = 582D7E3F288703B600A9CECF /* NotificationTabView.swift */; };
		582D7E442887084400A9CECF /* MessageTabView.swift in Sources */ = {isa = PBXBuildFile; fileRef = 582D7E432887084400A9CECF /* MessageTabView.swift */; };
		582D7E49288708BE00A9CECF /* ProfileView.swift in Sources */ = {isa = PBXBuildFile; fileRef = 582D7E48288708BE00A9CECF /* ProfileView.swift */; };
		582D7E4B28872C5E00A9CECF /* TweetFilterViewModel.swift in Sources */ = {isa = PBXBuildFile; fileRef = 582D7E4A28872C5E00A9CECF /* TweetFilterViewModel.swift */; };
		582D7E5028873D9400A9CECF /* UserRowView.swift in Sources */ = {isa = PBXBuildFile; fileRef = 582D7E4F28873D9400A9CECF /* UserRowView.swift */; };
		582D7E55288743F800A9CECF /* SideMenuView.swift in Sources */ = {isa = PBXBuildFile; fileRef = 582D7E54288743F800A9CECF /* SideMenuView.swift */; };
		582D7E592887442C00A9CECF /* SideMenuViewModel.swift in Sources */ = {isa = PBXBuildFile; fileRef = 582D7E582887442C00A9CECF /* SideMenuViewModel.swift */; };
		582D7E5B2887460F00A9CECF /* UserStatus.swift in Sources */ = {isa = PBXBuildFile; fileRef = 582D7E5A2887460F00A9CECF /* UserStatus.swift */; };
		582D7E5F288749FD00A9CECF /* ContentView.swift in Sources */ = {isa = PBXBuildFile; fileRef = 582D7E5E288749FD00A9CECF /* ContentView.swift */; };
		582D7E6128874EED00A9CECF /* SideMenuOptionRowView.swift in Sources */ = {isa = PBXBuildFile; fileRef = 582D7E6028874EED00A9CECF /* SideMenuOptionRowView.swift */; };
		585BD99D2887D24000164401 /* NewTweetView.swift in Sources */ = {isa = PBXBuildFile; fileRef = 585BD99C2887D24000164401 /* NewTweetView.swift */; };
		585BD9A62887E92400164401 /* LoginView.swift in Sources */ = {isa = PBXBuildFile; fileRef = 585BD9A52887E92400164401 /* LoginView.swift */; };
		585BD9A82887E92F00164401 /* RegisterationView.swift in Sources */ = {isa = PBXBuildFile; fileRef = 585BD9A72887E92F00164401 /* RegisterationView.swift */; };
		585BD9AA2887EBBB00164401 /* Rounded Shape.swift in Sources */ = {isa = PBXBuildFile; fileRef = 585BD9A92887EBBB00164401 /* Rounded Shape.swift */; };
		585BD9AC2887F0FE00164401 /* CustonTextFeilds.swift in Sources */ = {isa = PBXBuildFile; fileRef = 585BD9AB2887F0FE00164401 /* CustonTextFeilds.swift */; };
		585BD9AF2887F3A300164401 /* AuthenticationHeader.swift in Sources */ = {isa = PBXBuildFile; fileRef = 585BD9AE2887F3A300164401 /* AuthenticationHeader.swift */; };
		586DB1B2288A316D009C40A2 /* UserService.swift in Sources */ = {isa = PBXBuildFile; fileRef = 586DB1B1288A316D009C40A2 /* UserService.swift */; };
		586DB1B4288A3485009C40A2 /* Users.swift in Sources */ = {isa = PBXBuildFile; fileRef = 586DB1B3288A3485009C40A2 /* Users.swift */; };
		58BA57DE288DEF1D0006C580 /* ProfilePic.swift in Sources */ = {isa = PBXBuildFile; fileRef = 58BA57DD288DEF1D0006C580 /* ProfilePic.swift */; };
		58BA57E0288DF9B20006C580 /* ExploreViewModel.swift in Sources */ = {isa = PBXBuildFile; fileRef = 58BA57DF288DF9B20006C580 /* ExploreViewModel.swift */; };
		58BB1937288882A100AF9783 /* TextArea.swift in Sources */ = {isa = PBXBuildFile; fileRef = 58BB1936288882A100AF9783 /* TextArea.swift */; };
		58BB19392888851800AF9783 /* GoogleService-Info.plist in Resources */ = {isa = PBXBuildFile; fileRef = 58BB19382888851800AF9783 /* GoogleService-Info.plist */; };
		58DD550E288F120400EE2538 /* TweetRowViewModel.swift in Sources */ = {isa = PBXBuildFile; fileRef = 58DD550D288F120400EE2538 /* TweetRowViewModel.swift */; };
		58E11454288E3F4D00035F92 /* SearchBar.swift in Sources */ = {isa = PBXBuildFile; fileRef = 58E11453288E3F4D00035F92 /* SearchBar.swift */; };
		58E11457288E4D3100035F92 /* TweetService.swift in Sources */ = {isa = PBXBuildFile; fileRef = 58E11456288E4D3100035F92 /* TweetService.swift */; };
		58E11459288E4F5E00035F92 /* UploadTweetViewModel.swift in Sources */ = {isa = PBXBuildFile; fileRef = 58E11458288E4F5D00035F92 /* UploadTweetViewModel.swift */; };
		58E1145B288E599400035F92 /* FeedViewModel.swift in Sources */ = {isa = PBXBuildFile; fileRef = 58E1145A288E599400035F92 /* FeedViewModel.swift */; };
		58E1145D288E5CBE00035F92 /* Tweet.swift in Sources */ = {isa = PBXBuildFile; fileRef = 58E1145C288E5CBE00035F92 /* Tweet.swift */; };
		58E1145F288E742C00035F92 /* ProfileViewModel.swift in Sources */ = {isa = PBXBuildFile; fileRef = 58E1145E288E742C00035F92 /* ProfileViewModel.swift */; };
		58E11461288E7B6000035F92 /* VerifiedBadge.swift in Sources */ = {isa = PBXBuildFile; fileRef = 58E11460288E7B6000035F92 /* VerifiedBadge.swift */; };
		58E83BDA288A42B9004AA363 /* Kingfisher in Frameworks */ = {isa = PBXBuildFile; productRef = 58E83BD9288A42B9004AA363 /* Kingfisher */; };
		58F5E9C22888B526003A56BF /* FirebaseAuth in Frameworks */ = {isa = PBXBuildFile; productRef = 58F5E9C12888B526003A56BF /* FirebaseAuth */; };
		58F5E9C42888B526003A56BF /* FirebaseFirestore in Frameworks */ = {isa = PBXBuildFile; productRef = 58F5E9C32888B526003A56BF /* FirebaseFirestore */; };
		58F5E9C62888B526003A56BF /* FirebaseFirestoreSwift in Frameworks */ = {isa = PBXBuildFile; productRef = 58F5E9C52888B526003A56BF /* FirebaseFirestoreSwift */; };
		58F5E9C82888B526003A56BF /* FirebaseStorage in Frameworks */ = {isa = PBXBuildFile; productRef = 58F5E9C72888B526003A56BF /* FirebaseStorage */; };
		58F5E9CA288954AA003A56BF /* AuthViewModel.swift in Sources */ = {isa = PBXBuildFile; fileRef = 58F5E9C9288954AA003A56BF /* AuthViewModel.swift */; };
		58F5E9CC28897BED003A56BF /* ProfileSelectorView.swift in Sources */ = {isa = PBXBuildFile; fileRef = 58F5E9CB28897BED003A56BF /* ProfileSelectorView.swift */; };
		58F5E9CF288984E9003A56BF /* ImagePicker.swift in Sources */ = {isa = PBXBuildFile; fileRef = 58F5E9CE288984E9003A56BF /* ImagePicker.swift */; };
		58F5E9D12889A397003A56BF /* ImageUploader.swift in Sources */ = {isa = PBXBuildFile; fileRef = 58F5E9D02889A397003A56BF /* ImageUploader.swift */; };
/* End PBXBuildFile section */

/* Begin PBXFileReference section */
		582D7E152886F5B700A9CECF /* Sam's Twitter.app */ = {isa = PBXFileReference; explicitFileType = wrapper.application; includeInIndex = 0; path = "Sam's Twitter.app"; sourceTree = BUILT_PRODUCTS_DIR; };
		582D7E182886F5B700A9CECF /* Sam_s_TwitterApp.swift */ = {isa = PBXFileReference; lastKnownFileType = sourcecode.swift; path = Sam_s_TwitterApp.swift; sourceTree = "<group>"; };
		582D7E1C2886F5B900A9CECF /* Assets.xcassets */ = {isa = PBXFileReference; lastKnownFileType = folder.assetcatalog; path = Assets.xcassets; sourceTree = "<group>"; };
		582D7E1F2886F5B900A9CECF /* Preview Assets.xcassets */ = {isa = PBXFileReference; lastKnownFileType = folder.assetcatalog; path = "Preview Assets.xcassets"; sourceTree = "<group>"; };
		582D7E302886F6EA00A9CECF /* FeedView.swift */ = {isa = PBXFileReference; lastKnownFileType = sourcecode.swift; path = FeedView.swift; sourceTree = "<group>"; };
		582D7E342886F7B500A9CECF /* TweetsRowView.swift */ = {isa = PBXFileReference; lastKnownFileType = sourcecode.swift; path = TweetsRowView.swift; sourceTree = "<group>"; };
		582D7E372887026E00A9CECF /* MainTabView.swift */ = {isa = PBXFileReference; lastKnownFileType = sourcecode.swift; path = MainTabView.swift; sourceTree = "<group>"; };
		582D7E3D288703A100A9CECF /* ExploreTabView.swift */ = {isa = PBXFileReference; lastKnownFileType = sourcecode.swift; path = ExploreTabView.swift; sourceTree = "<group>"; };
		582D7E3F288703B600A9CECF /* NotificationTabView.swift */ = {isa = PBXFileReference; lastKnownFileType = sourcecode.swift; path = NotificationTabView.swift; sourceTree = "<group>"; };
		582D7E432887084400A9CECF /* MessageTabView.swift */ = {isa = PBXFileReference; lastKnownFileType = sourcecode.swift; path = MessageTabView.swift; sourceTree = "<group>"; };
		582D7E48288708BE00A9CECF /* ProfileView.swift */ = {isa = PBXFileReference; lastKnownFileType = sourcecode.swift; path = ProfileView.swift; sourceTree = "<group>"; };
		582D7E4A28872C5E00A9CECF /* TweetFilterViewModel.swift */ = {isa = PBXFileReference; lastKnownFileType = sourcecode.swift; path = TweetFilterViewModel.swift; sourceTree = "<group>"; };
		582D7E4F28873D9400A9CECF /* UserRowView.swift */ = {isa = PBXFileReference; lastKnownFileType = sourcecode.swift; path = UserRowView.swift; sourceTree = "<group>"; };
		582D7E54288743F800A9CECF /* SideMenuView.swift */ = {isa = PBXFileReference; lastKnownFileType = sourcecode.swift; path = SideMenuView.swift; sourceTree = "<group>"; };
		582D7E582887442C00A9CECF /* SideMenuViewModel.swift */ = {isa = PBXFileReference; lastKnownFileType = sourcecode.swift; path = SideMenuViewModel.swift; sourceTree = "<group>"; };
		582D7E5A2887460F00A9CECF /* UserStatus.swift */ = {isa = PBXFileReference; lastKnownFileType = sourcecode.swift; path = UserStatus.swift; sourceTree = "<group>"; };
		582D7E5E288749FD00A9CECF /* ContentView.swift */ = {isa = PBXFileReference; lastKnownFileType = sourcecode.swift; path = ContentView.swift; sourceTree = "<group>"; };
		582D7E6028874EED00A9CECF /* SideMenuOptionRowView.swift */ = {isa = PBXFileReference; lastKnownFileType = sourcecode.swift; path = SideMenuOptionRowView.swift; sourceTree = "<group>"; };
		585BD99C2887D24000164401 /* NewTweetView.swift */ = {isa = PBXFileReference; lastKnownFileType = sourcecode.swift; path = NewTweetView.swift; sourceTree = "<group>"; };
		585BD9A52887E92400164401 /* LoginView.swift */ = {isa = PBXFileReference; lastKnownFileType = sourcecode.swift; path = LoginView.swift; sourceTree = "<group>"; };
		585BD9A72887E92F00164401 /* RegisterationView.swift */ = {isa = PBXFileReference; lastKnownFileType = sourcecode.swift; path = RegisterationView.swift; sourceTree = "<group>"; };
		585BD9A92887EBBB00164401 /* Rounded Shape.swift */ = {isa = PBXFileReference; lastKnownFileType = sourcecode.swift; path = "Rounded Shape.swift"; sourceTree = "<group>"; };
		585BD9AB2887F0FE00164401 /* CustonTextFeilds.swift */ = {isa = PBXFileReference; lastKnownFileType = sourcecode.swift; path = CustonTextFeilds.swift; sourceTree = "<group>"; };
		585BD9AE2887F3A300164401 /* AuthenticationHeader.swift */ = {isa = PBXFileReference; lastKnownFileType = sourcecode.swift; path = AuthenticationHeader.swift; sourceTree = "<group>"; };
		586DB1B1288A316D009C40A2 /* UserService.swift */ = {isa = PBXFileReference; lastKnownFileType = sourcecode.swift; path = UserService.swift; sourceTree = "<group>"; };
		586DB1B3288A3485009C40A2 /* Users.swift */ = {isa = PBXFileReference; lastKnownFileType = sourcecode.swift; path = Users.swift; sourceTree = "<group>"; };
		58BA57DD288DEF1D0006C580 /* ProfilePic.swift */ = {isa = PBXFileReference; lastKnownFileType = sourcecode.swift; path = ProfilePic.swift; sourceTree = "<group>"; };
		58BA57DF288DF9B20006C580 /* ExploreViewModel.swift */ = {isa = PBXFileReference; lastKnownFileType = sourcecode.swift; name = ExploreViewModel.swift; path = "Sam's Twitter/Core/ExploreTab/ViewModel/ExploreViewModel.swift"; sourceTree = SOURCE_ROOT; };
		58BB1936288882A100AF9783 /* TextArea.swift */ = {isa = PBXFileReference; lastKnownFileType = sourcecode.swift; path = TextArea.swift; sourceTree = "<group>"; };
		58BB19382888851800AF9783 /* GoogleService-Info.plist */ = {isa = PBXFileReference; lastKnownFileType = text.plist; path = "GoogleService-Info.plist"; sourceTree = SOURCE_ROOT; };
		58DD550D288F120400EE2538 /* TweetRowViewModel.swift */ = {isa = PBXFileReference; lastKnownFileType = sourcecode.swift; path = TweetRowViewModel.swift; sourceTree = "<group>"; };
		58E11453288E3F4D00035F92 /* SearchBar.swift */ = {isa = PBXFileReference; lastKnownFileType = sourcecode.swift; path = SearchBar.swift; sourceTree = "<group>"; };
		58E11456288E4D3100035F92 /* TweetService.swift */ = {isa = PBXFileReference; lastKnownFileType = sourcecode.swift; path = TweetService.swift; sourceTree = "<group>"; };
		58E11458288E4F5D00035F92 /* UploadTweetViewModel.swift */ = {isa = PBXFileReference; lastKnownFileType = sourcecode.swift; path = UploadTweetViewModel.swift; sourceTree = "<group>"; };
		58E1145A288E599400035F92 /* FeedViewModel.swift */ = {isa = PBXFileReference; lastKnownFileType = sourcecode.swift; path = FeedViewModel.swift; sourceTree = "<group>"; };
		58E1145C288E5CBE00035F92 /* Tweet.swift */ = {isa = PBXFileReference; lastKnownFileType = sourcecode.swift; path = Tweet.swift; sourceTree = "<group>"; };
		58E1145E288E742C00035F92 /* ProfileViewModel.swift */ = {isa = PBXFileReference; lastKnownFileType = sourcecode.swift; path = ProfileViewModel.swift; sourceTree = "<group>"; };
		58E11460288E7B6000035F92 /* VerifiedBadge.swift */ = {isa = PBXFileReference; lastKnownFileType = sourcecode.swift; path = VerifiedBadge.swift; sourceTree = "<group>"; };
		58F5E9C9288954AA003A56BF /* AuthViewModel.swift */ = {isa = PBXFileReference; lastKnownFileType = sourcecode.swift; path = AuthViewModel.swift; sourceTree = "<group>"; };
		58F5E9CB28897BED003A56BF /* ProfileSelectorView.swift */ = {isa = PBXFileReference; lastKnownFileType = sourcecode.swift; path = ProfileSelectorView.swift; sourceTree = "<group>"; };
		58F5E9CE288984E9003A56BF /* ImagePicker.swift */ = {isa = PBXFileReference; lastKnownFileType = sourcecode.swift; path = ImagePicker.swift; sourceTree = "<group>"; };
		58F5E9D02889A397003A56BF /* ImageUploader.swift */ = {isa = PBXFileReference; lastKnownFileType = sourcecode.swift; path = ImageUploader.swift; sourceTree = "<group>"; };
/* End PBXFileReference section */

/* Begin PBXFrameworksBuildPhase section */
		582D7E122886F5B700A9CECF /* Frameworks */ = {
			isa = PBXFrameworksBuildPhase;
			buildActionMask = 2147483647;
			files = (
				58F5E9C22888B526003A56BF /* FirebaseAuth in Frameworks */,
				58F5E9C82888B526003A56BF /* FirebaseStorage in Frameworks */,
				58F5E9C42888B526003A56BF /* FirebaseFirestore in Frameworks */,
				58F5E9C62888B526003A56BF /* FirebaseFirestoreSwift in Frameworks */,
				58E83BDA288A42B9004AA363 /* Kingfisher in Frameworks */,
			);
			runOnlyForDeploymentPostprocessing = 0;
		};
/* End PBXFrameworksBuildPhase section */

/* Begin PBXGroup section */
		582D7E0C2886F5B700A9CECF = {
			isa = PBXGroup;
			children = (
				582D7E172886F5B700A9CECF /* Sam's Twitter */,
				582D7E162886F5B700A9CECF /* Products */,
			);
			sourceTree = "<group>";
		};
		582D7E162886F5B700A9CECF /* Products */ = {
			isa = PBXGroup;
			children = (
				582D7E152886F5B700A9CECF /* Sam's Twitter.app */,
			);
			name = Products;
			sourceTree = "<group>";
		};
		582D7E172886F5B700A9CECF /* Sam's Twitter */ = {
			isa = PBXGroup;
			children = (
				58F5E9CD288984C3003A56BF /* Utilities */,
				582D7E2B2886F66200A9CECF /* Core */,
				582D7E2A2886F65900A9CECF /* Services */,
				582D7E272886F60000A9CECF /* Model */,
				582D7E262886F5E000A9CECF /* Extentions */,
				582D7E182886F5B700A9CECF /* Sam_s_TwitterApp.swift */,
				582D7E5E288749FD00A9CECF /* ContentView.swift */,
				58BB19382888851800AF9783 /* GoogleService-Info.plist */,
				582D7E1C2886F5B900A9CECF /* Assets.xcassets */,
				582D7E1E2886F5B900A9CECF /* Preview Content */,
			);
			path = "Sam's Twitter";
			sourceTree = "<group>";
		};
		582D7E1E2886F5B900A9CECF /* Preview Content */ = {
			isa = PBXGroup;
			children = (
				582D7E1F2886F5B900A9CECF /* Preview Assets.xcassets */,
			);
			path = "Preview Content";
			sourceTree = "<group>";
		};
		582D7E262886F5E000A9CECF /* Extentions */ = {
			isa = PBXGroup;
			children = (
			);
			path = Extentions;
			sourceTree = "<group>";
		};
		582D7E272886F60000A9CECF /* Model */ = {
			isa = PBXGroup;
			children = (
				586DB1B3288A3485009C40A2 /* Users.swift */,
				58E1145C288E5CBE00035F92 /* Tweet.swift */,
			);
			path = Model;
			sourceTree = "<group>";
		};
		582D7E2A2886F65900A9CECF /* Services */ = {
			isa = PBXGroup;
			children = (
				58F5E9D02889A397003A56BF /* ImageUploader.swift */,
				586DB1B1288A316D009C40A2 /* UserService.swift */,
				58E11456288E4D3100035F92 /* TweetService.swift */,
			);
			path = Services;
			sourceTree = "<group>";
		};
		582D7E2B2886F66200A9CECF /* Core */ = {
			isa = PBXGroup;
			children = (
				585BD9A02887E8CD00164401 /* Authentication */,
				585BD9992887D20F00164401 /* UploadTweet */,
				582D7E51288743AE00A9CECF /* SideMenu */,
				582D7E3C2887037500A9CECF /* MessageTab */,
				582D7E3B2887036400A9CECF /* Profile */,
				582D7E3A2887035100A9CECF /* NotificationTab */,
				582D7E392887033F00A9CECF /* ExploreTab */,
				582D7E362887025700A9CECF /* MainTab */,
				582D7E2C2886F67900A9CECF /* Components */,
				582D7E2D2886F68300A9CECF /* Feed */,
			);
			path = Core;
			sourceTree = "<group>";
		};
		582D7E2C2886F67900A9CECF /* Components */ = {
			isa = PBXGroup;
			children = (
				585BD9AD2887F37500164401 /* Authentication */,
				582D7E4E28873D7F00A9CECF /* Users */,
				582D7E322886F79000A9CECF /* Tweets */,
				585BD9A92887EBBB00164401 /* Rounded Shape.swift */,
				585BD9AB2887F0FE00164401 /* CustonTextFeilds.swift */,
				58BB1936288882A100AF9783 /* TextArea.swift */,
				58E11453288E3F4D00035F92 /* SearchBar.swift */,
			);
			path = Components;
			sourceTree = "<group>";
		};
		582D7E2D2886F68300A9CECF /* Feed */ = {
			isa = PBXGroup;
			children = (
				582D7E2F2886F6CE00A9CECF /* View */,
				582D7E2E2886F6C800A9CECF /* ViewModel */,
			);
			path = Feed;
			sourceTree = "<group>";
		};
		582D7E2E2886F6C800A9CECF /* ViewModel */ = {
			isa = PBXGroup;
			children = (
				58E1145A288E599400035F92 /* FeedViewModel.swift */,
			);
			path = ViewModel;
			sourceTree = "<group>";
		};
		582D7E2F2886F6CE00A9CECF /* View */ = {
			isa = PBXGroup;
			children = (
				582D7E302886F6EA00A9CECF /* FeedView.swift */,
			);
			path = View;
			sourceTree = "<group>";
		};
		582D7E322886F79000A9CECF /* Tweets */ = {
			isa = PBXGroup;
			children = (
				58DD550C288F11DC00EE2538 /* Views */,
				58DD550B288F11D100EE2538 /* ViewModel */,
			);
			path = Tweets;
			sourceTree = "<group>";
		};
		582D7E362887025700A9CECF /* MainTab */ = {
			isa = PBXGroup;
			children = (
				582D7E372887026E00A9CECF /* MainTabView.swift */,
			);
			path = MainTab;
			sourceTree = "<group>";
		};
		582D7E392887033F00A9CECF /* ExploreTab */ = {
			isa = PBXGroup;
			children = (
				58E11455288E43C400035F92 /* ViewModel */,
				582D7E4D28873D4900A9CECF /* Views */,
			);
			path = ExploreTab;
			sourceTree = "<group>";
		};
		582D7E3A2887035100A9CECF /* NotificationTab */ = {
			isa = PBXGroup;
			children = (
				582D7E3F288703B600A9CECF /* NotificationTabView.swift */,
			);
			path = NotificationTab;
			sourceTree = "<group>";
		};
		582D7E3B2887036400A9CECF /* Profile */ = {
			isa = PBXGroup;
			children = (
				582D7E46288708A700A9CECF /* Views */,
				582D7E452887089700A9CECF /* ViewModel */,
			);
			path = Profile;
			sourceTree = "<group>";
		};
		582D7E3C2887037500A9CECF /* MessageTab */ = {
			isa = PBXGroup;
			children = (
				582D7E432887084400A9CECF /* MessageTabView.swift */,
			);
			path = MessageTab;
			sourceTree = "<group>";
		};
		582D7E452887089700A9CECF /* ViewModel */ = {
			isa = PBXGroup;
			children = (
				582D7E4A28872C5E00A9CECF /* TweetFilterViewModel.swift */,
				58E1145E288E742C00035F92 /* ProfileViewModel.swift */,
			);
			path = ViewModel;
			sourceTree = "<group>";
		};
		582D7E46288708A700A9CECF /* Views */ = {
			isa = PBXGroup;
			children = (
				582D7E48288708BE00A9CECF /* ProfileView.swift */,
			);
			path = Views;
			sourceTree = "<group>";
		};
		582D7E4D28873D4900A9CECF /* Views */ = {
			isa = PBXGroup;
			children = (
				582D7E3D288703A100A9CECF /* ExploreTabView.swift */,
			);
			path = Views;
			sourceTree = "<group>";
		};
		582D7E4E28873D7F00A9CECF /* Users */ = {
			isa = PBXGroup;
			children = (
				582D7E4F28873D9400A9CECF /* UserRowView.swift */,
				582D7E5A2887460F00A9CECF /* UserStatus.swift */,
				58BA57DD288DEF1D0006C580 /* ProfilePic.swift */,
				58E11460288E7B6000035F92 /* VerifiedBadge.swift */,
			);
			path = Users;
			sourceTree = "<group>";
		};
		582D7E51288743AE00A9CECF /* SideMenu */ = {
			isa = PBXGroup;
			children = (
				582D7E53288743D800A9CECF /* View */,
				582D7E52288743CC00A9CECF /* ViewModel */,
			);
			path = SideMenu;
			sourceTree = "<group>";
		};
		582D7E52288743CC00A9CECF /* ViewModel */ = {
			isa = PBXGroup;
			children = (
				582D7E582887442C00A9CECF /* SideMenuViewModel.swift */,
			);
			path = ViewModel;
			sourceTree = "<group>";
		};
		582D7E53288743D800A9CECF /* View */ = {
			isa = PBXGroup;
			children = (
				582D7E54288743F800A9CECF /* SideMenuView.swift */,
				582D7E6028874EED00A9CECF /* SideMenuOptionRowView.swift */,
			);
			path = View;
			sourceTree = "<group>";
		};
		585BD9992887D20F00164401 /* UploadTweet */ = {
			isa = PBXGroup;
			children = (
				585BD99B2887D22600164401 /* Views */,
				585BD99A2887D21C00164401 /* ViewModel */,
			);
			path = UploadTweet;
			sourceTree = "<group>";
		};
		585BD99A2887D21C00164401 /* ViewModel */ = {
			isa = PBXGroup;
			children = (
				58E11458288E4F5D00035F92 /* UploadTweetViewModel.swift */,
			);
			path = ViewModel;
			sourceTree = "<group>";
		};
		585BD99B2887D22600164401 /* Views */ = {
			isa = PBXGroup;
			children = (
				585BD99C2887D24000164401 /* NewTweetView.swift */,
			);
			path = Views;
			sourceTree = "<group>";
		};
		585BD9A02887E8CD00164401 /* Authentication */ = {
			isa = PBXGroup;
			children = (
				585BD9A42887E90800164401 /* Views */,
				585BD9A12887E8D700164401 /* ViewModel */,
			);
			path = Authentication;
			sourceTree = "<group>";
		};
		585BD9A12887E8D700164401 /* ViewModel */ = {
			isa = PBXGroup;
			children = (
				58F5E9C9288954AA003A56BF /* AuthViewModel.swift */,
			);
			path = ViewModel;
			sourceTree = "<group>";
		};
		585BD9A42887E90800164401 /* Views */ = {
			isa = PBXGroup;
			children = (
				585BD9A52887E92400164401 /* LoginView.swift */,
				585BD9A72887E92F00164401 /* RegisterationView.swift */,
				58F5E9CB28897BED003A56BF /* ProfileSelectorView.swift */,
			);
			path = Views;
			sourceTree = "<group>";
		};
		585BD9AD2887F37500164401 /* Authentication */ = {
			isa = PBXGroup;
			children = (
				585BD9AE2887F3A300164401 /* AuthenticationHeader.swift */,
			);
			path = Authentication;
			sourceTree = "<group>";
		};
		58DD550B288F11D100EE2538 /* ViewModel */ = {
			isa = PBXGroup;
			children = (
				58DD550D288F120400EE2538 /* TweetRowViewModel.swift */,
			);
			path = ViewModel;
			sourceTree = "<group>";
		};
		58DD550C288F11DC00EE2538 /* Views */ = {
			isa = PBXGroup;
			children = (
				582D7E342886F7B500A9CECF /* TweetsRowView.swift */,
			);
			path = Views;
			sourceTree = "<group>";
		};
		58E11455288E43C400035F92 /* ViewModel */ = {
			isa = PBXGroup;
			children = (
				58BA57DF288DF9B20006C580 /* ExploreViewModel.swift */,
			);
			path = ViewModel;
			sourceTree = "<group>";
		};
		58F5E9CD288984C3003A56BF /* Utilities */ = {
			isa = PBXGroup;
			children = (
				58F5E9CE288984E9003A56BF /* ImagePicker.swift */,
			);
			path = Utilities;
			sourceTree = "<group>";
		};
/* End PBXGroup section */

/* Begin PBXNativeTarget section */
		582D7E142886F5B700A9CECF /* Sam's Twitter */ = {
			isa = PBXNativeTarget;
			buildConfigurationList = 582D7E232886F5B900A9CECF /* Build configuration list for PBXNativeTarget "Sam's Twitter" */;
			buildPhases = (
				582D7E112886F5B700A9CECF /* Sources */,
				582D7E122886F5B700A9CECF /* Frameworks */,
				582D7E132886F5B700A9CECF /* Resources */,
			);
			buildRules = (
			);
			dependencies = (
			);
			name = "Sam's Twitter";
			packageProductDependencies = (
				58F5E9C12888B526003A56BF /* FirebaseAuth */,
				58F5E9C32888B526003A56BF /* FirebaseFirestore */,
				58F5E9C52888B526003A56BF /* FirebaseFirestoreSwift */,
				58F5E9C72888B526003A56BF /* FirebaseStorage */,
				58E83BD9288A42B9004AA363 /* Kingfisher */,
			);
			productName = "Sam's Twitter";
			productReference = 582D7E152886F5B700A9CECF /* Sam's Twitter.app */;
			productType = "com.apple.product-type.application";
		};
/* End PBXNativeTarget section */

/* Begin PBXProject section */
		582D7E0D2886F5B700A9CECF /* Project object */ = {
			isa = PBXProject;
			attributes = {
				BuildIndependentTargetsInParallel = 1;
				LastSwiftUpdateCheck = 1340;
				LastUpgradeCheck = 1340;
				TargetAttributes = {
					582D7E142886F5B700A9CECF = {
						CreatedOnToolsVersion = 13.4.1;
					};
				};
			};
			buildConfigurationList = 582D7E102886F5B700A9CECF /* Build configuration list for PBXProject "Sam's Twitter" */;
			compatibilityVersion = "Xcode 13.0";
			developmentRegion = en;
			hasScannedForEncodings = 0;
			knownRegions = (
				en,
				Base,
			);
			mainGroup = 582D7E0C2886F5B700A9CECF;
			packageReferences = (
				58F5E9C02888B526003A56BF /* XCRemoteSwiftPackageReference "firebase-ios-sdk" */,
				58E83BD8288A42B9004AA363 /* XCRemoteSwiftPackageReference "Kingfisher" */,
			);
			productRefGroup = 582D7E162886F5B700A9CECF /* Products */;
			projectDirPath = "";
			projectRoot = "";
			targets = (
				582D7E142886F5B700A9CECF /* Sam's Twitter */,
			);
		};
/* End PBXProject section */

/* Begin PBXResourcesBuildPhase section */
		582D7E132886F5B700A9CECF /* Resources */ = {
			isa = PBXResourcesBuildPhase;
			buildActionMask = 2147483647;
			files = (
				582D7E202886F5B900A9CECF /* Preview Assets.xcassets in Resources */,
				582D7E1D2886F5B900A9CECF /* Assets.xcassets in Resources */,
				58BB19392888851800AF9783 /* GoogleService-Info.plist in Resources */,
			);
			runOnlyForDeploymentPostprocessing = 0;
		};
/* End PBXResourcesBuildPhase section */

/* Begin PBXSourcesBuildPhase section */
		582D7E112886F5B700A9CECF /* Sources */ = {
			isa = PBXSourcesBuildPhase;
			buildActionMask = 2147483647;
			files = (
				582D7E5B2887460F00A9CECF /* UserStatus.swift in Sources */,
				582D7E49288708BE00A9CECF /* ProfileView.swift in Sources */,
				586DB1B2288A316D009C40A2 /* UserService.swift in Sources */,
				58F5E9CF288984E9003A56BF /* ImagePicker.swift in Sources */,
				582D7E352886F7B500A9CECF /* TweetsRowView.swift in Sources */,
				582D7E442887084400A9CECF /* MessageTabView.swift in Sources */,
				58E11454288E3F4D00035F92 /* SearchBar.swift in Sources */,
				58E11457288E4D3100035F92 /* TweetService.swift in Sources */,
				58E11461288E7B6000035F92 /* VerifiedBadge.swift in Sources */,
				58BA57E0288DF9B20006C580 /* ExploreViewModel.swift in Sources */,
				58F5E9D12889A397003A56BF /* ImageUploader.swift in Sources */,
				585BD9AA2887EBBB00164401 /* Rounded Shape.swift in Sources */,
				582D7E40288703B600A9CECF /* NotificationTabView.swift in Sources */,
				582D7E55288743F800A9CECF /* SideMenuView.swift in Sources */,
				582D7E312886F6EA00A9CECF /* FeedView.swift in Sources */,
				58E11459288E4F5E00035F92 /* UploadTweetViewModel.swift in Sources */,
				582D7E3E288703A100A9CECF /* ExploreTabView.swift in Sources */,
				58F5E9CC28897BED003A56BF /* ProfileSelectorView.swift in Sources */,
				58BA57DE288DEF1D0006C580 /* ProfilePic.swift in Sources */,
				58DD550E288F120400EE2538 /* TweetRowViewModel.swift in Sources */,
				58E1145B288E599400035F92 /* FeedViewModel.swift in Sources */,
				585BD9A82887E92F00164401 /* RegisterationView.swift in Sources */,
				582D7E592887442C00A9CECF /* SideMenuViewModel.swift in Sources */,
				585BD9AC2887F0FE00164401 /* CustonTextFeilds.swift in Sources */,
				582D7E5028873D9400A9CECF /* UserRowView.swift in Sources */,
				58BB1937288882A100AF9783 /* TextArea.swift in Sources */,
				582D7E5F288749FD00A9CECF /* ContentView.swift in Sources */,
				585BD9A62887E92400164401 /* LoginView.swift in Sources */,
				586DB1B4288A3485009C40A2 /* Users.swift in Sources */,
				585BD9AF2887F3A300164401 /* AuthenticationHeader.swift in Sources */,
				58F5E9CA288954AA003A56BF /* AuthViewModel.swift in Sources */,
				585BD99D2887D24000164401 /* NewTweetView.swift in Sources */,
				58E1145F288E742C00035F92 /* ProfileViewModel.swift in Sources */,
				582D7E6128874EED00A9CECF /* SideMenuOptionRowView.swift in Sources */,
				58E1145D288E5CBE00035F92 /* Tweet.swift in Sources */,
				582D7E4B28872C5E00A9CECF /* TweetFilterViewModel.swift in Sources */,
				582D7E192886F5B700A9CECF /* Sam_s_TwitterApp.swift in Sources */,
				582D7E382887026E00A9CECF /* MainTabView.swift in Sources */,
			);
			runOnlyForDeploymentPostprocessing = 0;
		};
/* End PBXSourcesBuildPhase section */

/* Begin XCBuildConfiguration section */
		582D7E212886F5B900A9CECF /* Debug */ = {
			isa = XCBuildConfiguration;
			buildSettings = {
				ALWAYS_SEARCH_USER_PATHS = NO;
				CLANG_ANALYZER_NONNULL = YES;
				CLANG_ANALYZER_NUMBER_OBJECT_CONVERSION = YES_AGGRESSIVE;
				CLANG_CXX_LANGUAGE_STANDARD = "gnu++17";
				CLANG_ENABLE_MODULES = YES;
				CLANG_ENABLE_OBJC_ARC = YES;
				CLANG_ENABLE_OBJC_WEAK = YES;
				CLANG_WARN_BLOCK_CAPTURE_AUTORELEASING = YES;
				CLANG_WARN_BOOL_CONVERSION = YES;
				CLANG_WARN_COMMA = YES;
				CLANG_WARN_CONSTANT_CONVERSION = YES;
				CLANG_WARN_DEPRECATED_OBJC_IMPLEMENTATIONS = YES;
				CLANG_WARN_DIRECT_OBJC_ISA_USAGE = YES_ERROR;
				CLANG_WARN_DOCUMENTATION_COMMENTS = YES;
				CLANG_WARN_EMPTY_BODY = YES;
				CLANG_WARN_ENUM_CONVERSION = YES;
				CLANG_WARN_INFINITE_RECURSION = YES;
				CLANG_WARN_INT_CONVERSION = YES;
				CLANG_WARN_NON_LITERAL_NULL_CONVERSION = YES;
				CLANG_WARN_OBJC_IMPLICIT_RETAIN_SELF = YES;
				CLANG_WARN_OBJC_LITERAL_CONVERSION = YES;
				CLANG_WARN_OBJC_ROOT_CLASS = YES_ERROR;
				CLANG_WARN_QUOTED_INCLUDE_IN_FRAMEWORK_HEADER = YES;
				CLANG_WARN_RANGE_LOOP_ANALYSIS = YES;
				CLANG_WARN_STRICT_PROTOTYPES = YES;
				CLANG_WARN_SUSPICIOUS_MOVE = YES;
				CLANG_WARN_UNGUARDED_AVAILABILITY = YES_AGGRESSIVE;
				CLANG_WARN_UNREACHABLE_CODE = YES;
				CLANG_WARN__DUPLICATE_METHOD_MATCH = YES;
				COPY_PHASE_STRIP = NO;
				DEBUG_INFORMATION_FORMAT = dwarf;
				ENABLE_STRICT_OBJC_MSGSEND = YES;
				ENABLE_TESTABILITY = YES;
				GCC_C_LANGUAGE_STANDARD = gnu11;
				GCC_DYNAMIC_NO_PIC = NO;
				GCC_NO_COMMON_BLOCKS = YES;
				GCC_OPTIMIZATION_LEVEL = 0;
				GCC_PREPROCESSOR_DEFINITIONS = (
					"DEBUG=1",
					"$(inherited)",
				);
				GCC_WARN_64_TO_32_BIT_CONVERSION = YES;
				GCC_WARN_ABOUT_RETURN_TYPE = YES_ERROR;
				GCC_WARN_UNDECLARED_SELECTOR = YES;
				GCC_WARN_UNINITIALIZED_AUTOS = YES_AGGRESSIVE;
				GCC_WARN_UNUSED_FUNCTION = YES;
				GCC_WARN_UNUSED_VARIABLE = YES;
				IPHONEOS_DEPLOYMENT_TARGET = 15.5;
				MTL_ENABLE_DEBUG_INFO = INCLUDE_SOURCE;
				MTL_FAST_MATH = YES;
				ONLY_ACTIVE_ARCH = YES;
				SDKROOT = iphoneos;
				SWIFT_ACTIVE_COMPILATION_CONDITIONS = DEBUG;
				SWIFT_OPTIMIZATION_LEVEL = "-Onone";
			};
			name = Debug;
		};
		582D7E222886F5B900A9CECF /* Release */ = {
			isa = XCBuildConfiguration;
			buildSettings = {
				ALWAYS_SEARCH_USER_PATHS = NO;
				CLANG_ANALYZER_NONNULL = YES;
				CLANG_ANALYZER_NUMBER_OBJECT_CONVERSION = YES_AGGRESSIVE;
				CLANG_CXX_LANGUAGE_STANDARD = "gnu++17";
				CLANG_ENABLE_MODULES = YES;
				CLANG_ENABLE_OBJC_ARC = YES;
				CLANG_ENABLE_OBJC_WEAK = YES;
				CLANG_WARN_BLOCK_CAPTURE_AUTORELEASING = YES;
				CLANG_WARN_BOOL_CONVERSION = YES;
				CLANG_WARN_COMMA = YES;
				CLANG_WARN_CONSTANT_CONVERSION = YES;
				CLANG_WARN_DEPRECATED_OBJC_IMPLEMENTATIONS = YES;
				CLANG_WARN_DIRECT_OBJC_ISA_USAGE = YES_ERROR;
				CLANG_WARN_DOCUMENTATION_COMMENTS = YES;
				CLANG_WARN_EMPTY_BODY = YES;
				CLANG_WARN_ENUM_CONVERSION = YES;
				CLANG_WARN_INFINITE_RECURSION = YES;
				CLANG_WARN_INT_CONVERSION = YES;
				CLANG_WARN_NON_LITERAL_NULL_CONVERSION = YES;
				CLANG_WARN_OBJC_IMPLICIT_RETAIN_SELF = YES;
				CLANG_WARN_OBJC_LITERAL_CONVERSION = YES;
				CLANG_WARN_OBJC_ROOT_CLASS = YES_ERROR;
				CLANG_WARN_QUOTED_INCLUDE_IN_FRAMEWORK_HEADER = YES;
				CLANG_WARN_RANGE_LOOP_ANALYSIS = YES;
				CLANG_WARN_STRICT_PROTOTYPES = YES;
				CLANG_WARN_SUSPICIOUS_MOVE = YES;
				CLANG_WARN_UNGUARDED_AVAILABILITY = YES_AGGRESSIVE;
				CLANG_WARN_UNREACHABLE_CODE = YES;
				CLANG_WARN__DUPLICATE_METHOD_MATCH = YES;
				COPY_PHASE_STRIP = NO;
				DEBUG_INFORMATION_FORMAT = "dwarf-with-dsym";
				ENABLE_NS_ASSERTIONS = NO;
				ENABLE_STRICT_OBJC_MSGSEND = YES;
				GCC_C_LANGUAGE_STANDARD = gnu11;
				GCC_NO_COMMON_BLOCKS = YES;
				GCC_WARN_64_TO_32_BIT_CONVERSION = YES;
				GCC_WARN_ABOUT_RETURN_TYPE = YES_ERROR;
				GCC_WARN_UNDECLARED_SELECTOR = YES;
				GCC_WARN_UNINITIALIZED_AUTOS = YES_AGGRESSIVE;
				GCC_WARN_UNUSED_FUNCTION = YES;
				GCC_WARN_UNUSED_VARIABLE = YES;
				IPHONEOS_DEPLOYMENT_TARGET = 15.5;
				MTL_ENABLE_DEBUG_INFO = NO;
				MTL_FAST_MATH = YES;
				SDKROOT = iphoneos;
				SWIFT_COMPILATION_MODE = wholemodule;
				SWIFT_OPTIMIZATION_LEVEL = "-O";
				VALIDATE_PRODUCT = YES;
			};
			name = Release;
		};
		582D7E242886F5B900A9CECF /* Debug */ = {
			isa = XCBuildConfiguration;
			buildSettings = {
				ASSETCATALOG_COMPILER_APPICON_NAME = AppIcon;
				ASSETCATALOG_COMPILER_GLOBAL_ACCENT_COLOR_NAME = AccentColor;
				CODE_SIGN_STYLE = Automatic;
				CURRENT_PROJECT_VERSION = 1;
				DEVELOPMENT_ASSET_PATHS = "\"Sam's Twitter/Preview Content\"";
				DEVELOPMENT_TEAM = TX3K8QB54K;
				ENABLE_PREVIEWS = YES;
				GENERATE_INFOPLIST_FILE = YES;
				INFOPLIST_KEY_UIApplicationSceneManifest_Generation = YES;
				INFOPLIST_KEY_UIApplicationSupportsIndirectInputEvents = YES;
				INFOPLIST_KEY_UILaunchScreen_Generation = YES;
				INFOPLIST_KEY_UISupportedInterfaceOrientations_iPad = "UIInterfaceOrientationPortrait UIInterfaceOrientationPortraitUpsideDown UIInterfaceOrientationLandscapeLeft UIInterfaceOrientationLandscapeRight";
				INFOPLIST_KEY_UISupportedInterfaceOrientations_iPhone = "UIInterfaceOrientationPortrait UIInterfaceOrientationLandscapeLeft UIInterfaceOrientationLandscapeRight";
				LD_RUNPATH_SEARCH_PATHS = (
					"$(inherited)",
					"@executable_path/Frameworks",
				);
				MARKETING_VERSION = 1.0;
				PRODUCT_BUNDLE_IDENTIFIER = "Sam-Grover.Sam-s-Twitter";
				PRODUCT_NAME = "$(TARGET_NAME)";
				SWIFT_EMIT_LOC_STRINGS = YES;
				SWIFT_VERSION = 5.0;
				TARGETED_DEVICE_FAMILY = "1,2";
			};
			name = Debug;
		};
		582D7E252886F5B900A9CECF /* Release */ = {
			isa = XCBuildConfiguration;
			buildSettings = {
				ASSETCATALOG_COMPILER_APPICON_NAME = AppIcon;
				ASSETCATALOG_COMPILER_GLOBAL_ACCENT_COLOR_NAME = AccentColor;
				CODE_SIGN_STYLE = Automatic;
				CURRENT_PROJECT_VERSION = 1;
				DEVELOPMENT_ASSET_PATHS = "\"Sam's Twitter/Preview Content\"";
				DEVELOPMENT_TEAM = TX3K8QB54K;
				ENABLE_PREVIEWS = YES;
				GENERATE_INFOPLIST_FILE = YES;
				INFOPLIST_KEY_UIApplicationSceneManifest_Generation = YES;
				INFOPLIST_KEY_UIApplicationSupportsIndirectInputEvents = YES;
				INFOPLIST_KEY_UILaunchScreen_Generation = YES;
				INFOPLIST_KEY_UISupportedInterfaceOrientations_iPad = "UIInterfaceOrientationPortrait UIInterfaceOrientationPortraitUpsideDown UIInterfaceOrientationLandscapeLeft UIInterfaceOrientationLandscapeRight";
				INFOPLIST_KEY_UISupportedInterfaceOrientations_iPhone = "UIInterfaceOrientationPortrait UIInterfaceOrientationLandscapeLeft UIInterfaceOrientationLandscapeRight";
				LD_RUNPATH_SEARCH_PATHS = (
					"$(inherited)",
					"@executable_path/Frameworks",
				);
				MARKETING_VERSION = 1.0;
				PRODUCT_BUNDLE_IDENTIFIER = "Sam-Grover.Sam-s-Twitter";
				PRODUCT_NAME = "$(TARGET_NAME)";
				SWIFT_EMIT_LOC_STRINGS = YES;
				SWIFT_VERSION = 5.0;
				TARGETED_DEVICE_FAMILY = "1,2";
			};
			name = Release;
		};
/* End XCBuildConfiguration section */

/* Begin XCConfigurationList section */
		582D7E102886F5B700A9CECF /* Build configuration list for PBXProject "Sam's Twitter" */ = {
			isa = XCConfigurationList;
			buildConfigurations = (
				582D7E212886F5B900A9CECF /* Debug */,
				582D7E222886F5B900A9CECF /* Release */,
			);
			defaultConfigurationIsVisible = 0;
			defaultConfigurationName = Release;
		};
		582D7E232886F5B900A9CECF /* Build configuration list for PBXNativeTarget "Sam's Twitter" */ = {
			isa = XCConfigurationList;
			buildConfigurations = (
				582D7E242886F5B900A9CECF /* Debug */,
				582D7E252886F5B900A9CECF /* Release */,
			);
			defaultConfigurationIsVisible = 0;
			defaultConfigurationName = Release;
		};
/* End XCConfigurationList section */

/* Begin XCRemoteSwiftPackageReference section */
		58E83BD8288A42B9004AA363 /* XCRemoteSwiftPackageReference "Kingfisher" */ = {
			isa = XCRemoteSwiftPackageReference;
			repositoryURL = "https://github.com/onevcat/Kingfisher.git";
			requirement = {
				kind = upToNextMajorVersion;
				minimumVersion = 7.0.0;
			};
		};
		58F5E9C02888B526003A56BF /* XCRemoteSwiftPackageReference "firebase-ios-sdk" */ = {
			isa = XCRemoteSwiftPackageReference;
			repositoryURL = "https://github.com/firebase/firebase-ios-sdk";
			requirement = {
				branch = master;
				kind = branch;
			};
		};
/* End XCRemoteSwiftPackageReference section */

/* Begin XCSwiftPackageProductDependency section */
		58E83BD9288A42B9004AA363 /* Kingfisher */ = {
			isa = XCSwiftPackageProductDependency;
			package = 58E83BD8288A42B9004AA363 /* XCRemoteSwiftPackageReference "Kingfisher" */;
			productName = Kingfisher;
		};
		58F5E9C12888B526003A56BF /* FirebaseAuth */ = {
			isa = XCSwiftPackageProductDependency;
			package = 58F5E9C02888B526003A56BF /* XCRemoteSwiftPackageReference "firebase-ios-sdk" */;
			productName = FirebaseAuth;
		};
		58F5E9C32888B526003A56BF /* FirebaseFirestore */ = {
			isa = XCSwiftPackageProductDependency;
			package = 58F5E9C02888B526003A56BF /* XCRemoteSwiftPackageReference "firebase-ios-sdk" */;
			productName = FirebaseFirestore;
		};
		58F5E9C52888B526003A56BF /* FirebaseFirestoreSwift */ = {
			isa = XCSwiftPackageProductDependency;
			package = 58F5E9C02888B526003A56BF /* XCRemoteSwiftPackageReference "firebase-ios-sdk" */;
			productName = FirebaseFirestoreSwift;
		};
		58F5E9C72888B526003A56BF /* FirebaseStorage */ = {
			isa = XCSwiftPackageProductDependency;
			package = 58F5E9C02888B526003A56BF /* XCRemoteSwiftPackageReference "firebase-ios-sdk" */;
			productName = FirebaseStorage;
		};
/* End XCSwiftPackageProductDependency section */
	};
	rootObject = 582D7E0D2886F5B700A9CECF /* Project object */;
}
